
Microsoft Visual Studio Solution File, Format Version 12.00
# Visual Studio Version 16
VisualStudioVersion = 16.0.30225.117
MinimumVisualStudioVersion = 10.0.40219.1
Project("{FAE04EC0-301F-11D3-BF4B-00C04F79EFBC}") = "Taste", "Taste\Taste.csproj", "{7320BD85-377D-48C3-A96D-78E1C065C9D7}"
EndProject
Project("{FAE04EC0-301F-11D3-BF4B-00C04F79EFBC}") = "Taste.DataAccess", "Taste.DataAccess\Taste.DataAccess.csproj", "{C3A4A8AB-CF0A-4AFC-96C8-76DF98EF878C}"
EndProject
Project("{FAE04EC0-301F-11D3-BF4B-00C04F79EFBC}") = "Taste.Models", "Taste.Models\Taste.Models.csproj", "{40661925-A9EB-46FF-92C4-1E0C12C9BE79}"
EndProject
Project("{FAE04EC0-301F-11D3-BF4B-00C04F79EFBC}") = "Taste.Utility", "Taste.Utility\Taste.Utility.csproj", "{CBCFF549-F5DE-4439-A1F8-CB37007D9ECD}"
EndProject
Global
	GlobalSection(SolutionConfigurationPlatforms) = preSolution
		Debug|Any CPU = Debug|Any CPU
		Release|Any CPU = Release|Any CPU
	EndGlobalSection
	GlobalSection(ProjectConfigurationPlatforms) = postSolution
		{7320BD85-377D-48C3-A96D-78E1C065C9D7}.Debug|Any CPU.ActiveCfg = Debug|Any CPU
		{7320BD85-377D-48C3-A96D-78E1C065C9D7}.Debug|Any CPU.Build.0 = Debug|Any CPU
		{7320BD85-377D-48C3-A96D-78E1C065C9D7}.Release|Any CPU.ActiveCfg = Release|Any CPU
		{7320BD85-377D-48C3-A96D-78E1C065C9D7}.Release|Any CPU.Build.0 = Release|Any CPU
		{C3A4A8AB-CF0A-4AFC-96C8-76DF98EF878C}.Debug|Any CPU.ActiveCfg = Debug|Any CPU
		{C3A4A8AB-CF0A-4AFC-96C8-76DF98EF878C}.Debug|Any CPU.Build.0 = Debug|Any CPU
		{C3A4A8AB-CF0A-4AFC-96C8-76DF98EF878C}.Release|Any CPU.ActiveCfg = Release|Any CPU
		{C3A4A8AB-CF0A-4AFC-96C8-76DF98EF878C}.Release|Any CPU.Build.0 = Release|Any CPU
		{40661925-A9EB-46FF-92C4-1E0C12C9BE79}.Debug|Any CPU.ActiveCfg = Debug|Any CPU
		{40661925-A9EB-46FF-92C4-1E0C12C9BE79}.Debug|Any CPU.Build.0 = Debug|Any CPU
		{40661925-A9EB-46FF-92C4-1E0C12C9BE79}.Release|Any CPU.ActiveCfg = Release|Any CPU
		{40661925-A9EB-46FF-92C4-1E0C12C9BE79}.Release|Any CPU.Build.0 = Release|Any CPU
		{CBCFF549-F5DE-4439-A1F8-CB37007D9ECD}.Debug|Any CPU.ActiveCfg = Debug|Any CPU
		{CBCFF549-F5DE-4439-A1F8-CB37007D9ECD}.Debug|Any CPU.Build.0 = Debug|Any CPU
		{CBCFF549-F5DE-4439-A1F8-CB37007D9ECD}.Release|Any CPU.ActiveCfg = Release|Any CPU
		{CBCFF549-F5DE-4439-A1F8-CB37007D9ECD}.Release|Any CPU.Build.0 = Release|Any CPU
	EndGlobalSection
	GlobalSection(SolutionProperties) = preSolution
		HideSolutionNode = FALSE
	EndGlobalSection
	GlobalSection(ExtensibilityGlobals) = postSolution
		SolutionGuid = {8564B3F1-7D7A-4E33-B02C-24CD302319BA}
	EndGlobalSection
EndGlobal
